
Microsoft Visual Studio Solution File, Format Version 12.00
# Visual Studio 2013
VisualStudioVersion = 12.0.21005.1
MinimumVisualStudioVersion = 10.0.40219.1
Project("{FAE04EC0-301F-11D3-BF4B-00C04F79EFBC}") = "KSPModAdmin", "KSPModAdmin\KSPModAdmin_mono.csproj", "{9A60FE53-6B33-4F67-BDF3-FC2F3ABA2B82}"
	ProjectSection(ProjectDependencies) = postProject
		{8D812F36-171B-4FCE-BCFA-DCEED4648C01} = {8D812F36-171B-4FCE-BCFA-DCEED4648C01}
		{EF04C65E-BFCE-43B6-8C28-6B1793E1B2B5} = {EF04C65E-BFCE-43B6-8C28-6B1793E1B2B5}
		{30494873-E614-47FB-9009-514CAA154DCB} = {30494873-E614-47FB-9009-514CAA154DCB}
		{5F053D87-BCF1-4D3A-9EEF-D441C120E795} = {5F053D87-BCF1-4D3A-9EEF-D441C120E795}
		{CCCA4BE5-05A2-47D0-B549-A7C8D09A18C6} = {CCCA4BE5-05A2-47D0-B549-A7C8D09A18C6}
	EndProjectSection
EndProject
Project("{FAE04EC0-301F-11D3-BF4B-00C04F79EFBC}") = "KSPModAdmin.Core", "KSPModAdmin.Core\KSPModAdmin.Core_mono.csproj", "{96AA1C9F-C609-4361-8BDD-5AF3968F24DE}"
EndProject
Project("{FAE04EC0-301F-11D3-BF4B-00C04F79EFBC}") = "KSPModAdmin.Updater", "KSPModAdmin.Updater\KSPModAdmin.Updater_mono.csproj", "{CCCA4BE5-05A2-47D0-B549-A7C8D09A18C6}"
EndProject
Project("{FAE04EC0-301F-11D3-BF4B-00C04F79EFBC}") = "KSPModAdmin.Plugin.Translation", "KSPModAdmin.Plugin.Translation\KSPModAdmin.Plugin.Translation_mono.csproj", "{EF04C65E-BFCE-43B6-8C28-6B1793E1B2B5}"
EndProject
Project("{FAE04EC0-301F-11D3-BF4B-00C04F79EFBC}") = "KSPModAdmin.Plugin.Translation.Executable", "KSPModAdmin.Plugin.Translation.Executable\KSPModAdmin.Plugin.Translation.Executable_mono.csproj", "{6588DDBF-28A3-49ED-B5C4-E897E05C0349}"
EndProject
Project("{FAE04EC0-301F-11D3-BF4B-00C04F79EFBC}") = "KSPModAdmin.Plugin.Template", "KSPModAdmin.Plugin.Template\KSPModAdmin.Plugin.Template_mono.csproj", "{3013F199-703C-4A4C-895E-FEC686094118}"
EndProject
Project("{2150E333-8FDC-42A3-9474-1A3956D46DE8}") = "Plugins", "Plugins", "{D5B2A420-6DCA-4F04-AF5E-4DB783342122}"
EndProject
Project("{FAE04EC0-301F-11D3-BF4B-00C04F79EFBC}") = "KSPModAdmin.Plugin.BackupTab", "KSPModAdmin.Plugin.BackupTab\KSPModAdmin.Plugin.BackupTab_mono.csproj", "{30494873-E614-47FB-9009-514CAA154DCB}"
EndProject
Project("{FAE04EC0-301F-11D3-BF4B-00C04F79EFBC}") = "KSPModAdmin.Plugin.FlagsTab", "KSPModAdmin.Plugin.FlagsTab\KSPModAdmin.Plugin.FlagsTab_mono.csproj", "{5F053D87-BCF1-4D3A-9EEF-D441C120E795}"
EndProject
Project("{FAE04EC0-301F-11D3-BF4B-00C04F79EFBC}") = "KSPModAdmin.Plugin.PartsAndCraftsTab", "KSPModAdmin.Plugin.PartsAndCraftsTab\KSPModAdmin.Plugin.PartsAndCraftsTab_mono.csproj", "{8D812F36-171B-4FCE-BCFA-DCEED4648C01}"
EndProject
Global
	GlobalSection(SolutionConfigurationPlatforms) = preSolution
		Debug MONO|Any CPU = Debug MONO|Any CPU
		Debug MONO|Mixed Platforms = Debug MONO|Mixed Platforms
		Debug|Any CPU = Debug|Any CPU
		Debug|Mixed Platforms = Debug|Mixed Platforms
		Release MONO|Any CPU = Release MONO|Any CPU
		Release MONO|Mixed Platforms = Release MONO|Mixed Platforms
		Release|Any CPU = Release|Any CPU
		Release|Mixed Platforms = Release|Mixed Platforms
	EndGlobalSection
	GlobalSection(ProjectConfigurationPlatforms) = postSolution
		{9A60FE53-6B33-4F67-BDF3-FC2F3ABA2B82}.Debug MONO|Any CPU.ActiveCfg = Debug MONO|Any CPU
		{9A60FE53-6B33-4F67-BDF3-FC2F3ABA2B82}.Debug MONO|Any CPU.Build.0 = Debug MONO|Any CPU
		{9A60FE53-6B33-4F67-BDF3-FC2F3ABA2B82}.Debug MONO|Mixed Platforms.ActiveCfg = Debug MONO|Any CPU
		{9A60FE53-6B33-4F67-BDF3-FC2F3ABA2B82}.Debug MONO|Mixed Platforms.Build.0 = Debug MONO|Any CPU
		{9A60FE53-6B33-4F67-BDF3-FC2F3ABA2B82}.Debug|Any CPU.ActiveCfg = Debug|Any CPU
		{9A60FE53-6B33-4F67-BDF3-FC2F3ABA2B82}.Debug|Any CPU.Build.0 = Debug|Any CPU
		{9A60FE53-6B33-4F67-BDF3-FC2F3ABA2B82}.Debug|Mixed Platforms.ActiveCfg = Debug|Any CPU
		{9A60FE53-6B33-4F67-BDF3-FC2F3ABA2B82}.Debug|Mixed Platforms.Build.0 = Debug|Any CPU
		{9A60FE53-6B33-4F67-BDF3-FC2F3ABA2B82}.Release MONO|Any CPU.ActiveCfg = Release MONO|Any CPU
		{9A60FE53-6B33-4F67-BDF3-FC2F3ABA2B82}.Release MONO|Any CPU.Build.0 = Release MONO|Any CPU
		{9A60FE53-6B33-4F67-BDF3-FC2F3ABA2B82}.Release MONO|Mixed Platforms.ActiveCfg = Release MONO|Any CPU
		{9A60FE53-6B33-4F67-BDF3-FC2F3ABA2B82}.Release MONO|Mixed Platforms.Build.0 = Release MONO|Any CPU
		{9A60FE53-6B33-4F67-BDF3-FC2F3ABA2B82}.Release|Any CPU.ActiveCfg = Release|Any CPU
		{9A60FE53-6B33-4F67-BDF3-FC2F3ABA2B82}.Release|Any CPU.Build.0 = Release|Any CPU
		{9A60FE53-6B33-4F67-BDF3-FC2F3ABA2B82}.Release|Mixed Platforms.ActiveCfg = Release|Any CPU
		{9A60FE53-6B33-4F67-BDF3-FC2F3ABA2B82}.Release|Mixed Platforms.Build.0 = Release|Any CPU
		{96AA1C9F-C609-4361-8BDD-5AF3968F24DE}.Debug MONO|Any CPU.ActiveCfg = Debug MONO|Any CPU
		{96AA1C9F-C609-4361-8BDD-5AF3968F24DE}.Debug MONO|Any CPU.Build.0 = Debug MONO|Any CPU
		{96AA1C9F-C609-4361-8BDD-5AF3968F24DE}.Debug MONO|Mixed Platforms.ActiveCfg = Debug MONO|Any CPU
		{96AA1C9F-C609-4361-8BDD-5AF3968F24DE}.Debug MONO|Mixed Platforms.Build.0 = Debug MONO|Any CPU
		{96AA1C9F-C609-4361-8BDD-5AF3968F24DE}.Debug|Any CPU.ActiveCfg = Debug|Any CPU
		{96AA1C9F-C609-4361-8BDD-5AF3968F24DE}.Debug|Any CPU.Build.0 = Debug|Any CPU
		{96AA1C9F-C609-4361-8BDD-5AF3968F24DE}.Debug|Mixed Platforms.ActiveCfg = Debug|Any CPU
		{96AA1C9F-C609-4361-8BDD-5AF3968F24DE}.Debug|Mixed Platforms.Build.0 = Debug|Any CPU
		{96AA1C9F-C609-4361-8BDD-5AF3968F24DE}.Release MONO|Any CPU.ActiveCfg = Release MONO|Any CPU
		{96AA1C9F-C609-4361-8BDD-5AF3968F24DE}.Release MONO|Any CPU.Build.0 = Release MONO|Any CPU
		{96AA1C9F-C609-4361-8BDD-5AF3968F24DE}.Release MONO|Mixed Platforms.ActiveCfg = Release MONO|Any CPU
		{96AA1C9F-C609-4361-8BDD-5AF3968F24DE}.Release MONO|Mixed Platforms.Build.0 = Release MONO|Any CPU
		{96AA1C9F-C609-4361-8BDD-5AF3968F24DE}.Release|Any CPU.ActiveCfg = Release|Any CPU
		{96AA1C9F-C609-4361-8BDD-5AF3968F24DE}.Release|Any CPU.Build.0 = Release|Any CPU
		{96AA1C9F-C609-4361-8BDD-5AF3968F24DE}.Release|Mixed Platforms.ActiveCfg = Release|Any CPU
		{96AA1C9F-C609-4361-8BDD-5AF3968F24DE}.Release|Mixed Platforms.Build.0 = Release|Any CPU
		{CCCA4BE5-05A2-47D0-B549-A7C8D09A18C6}.Debug MONO|Any CPU.ActiveCfg = Debug MONO|Any CPU
		{CCCA4BE5-05A2-47D0-B549-A7C8D09A18C6}.Debug MONO|Any CPU.Build.0 = Debug MONO|Any CPU
		{CCCA4BE5-05A2-47D0-B549-A7C8D09A18C6}.Debug MONO|Mixed Platforms.ActiveCfg = Debug MONO|Any CPU
		{CCCA4BE5-05A2-47D0-B549-A7C8D09A18C6}.Debug MONO|Mixed Platforms.Build.0 = Debug MONO|Any CPU
		{CCCA4BE5-05A2-47D0-B549-A7C8D09A18C6}.Debug|Any CPU.ActiveCfg = Debug|Any CPU
		{CCCA4BE5-05A2-47D0-B549-A7C8D09A18C6}.Debug|Any CPU.Build.0 = Debug|Any CPU
		{CCCA4BE5-05A2-47D0-B549-A7C8D09A18C6}.Debug|Mixed Platforms.ActiveCfg = Debug|Any CPU
		{CCCA4BE5-05A2-47D0-B549-A7C8D09A18C6}.Debug|Mixed Platforms.Build.0 = Debug|Any CPU
		{CCCA4BE5-05A2-47D0-B549-A7C8D09A18C6}.Release MONO|Any CPU.ActiveCfg = Release MONO|Any CPU
		{CCCA4BE5-05A2-47D0-B549-A7C8D09A18C6}.Release MONO|Any CPU.Build.0 = Release MONO|Any CPU
		{CCCA4BE5-05A2-47D0-B549-A7C8D09A18C6}.Release MONO|Mixed Platforms.ActiveCfg = Release MONO|Any CPU
		{CCCA4BE5-05A2-47D0-B549-A7C8D09A18C6}.Release MONO|Mixed Platforms.Build.0 = Release MONO|Any CPU
		{CCCA4BE5-05A2-47D0-B549-A7C8D09A18C6}.Release|Any CPU.ActiveCfg = Release|Any CPU
		{CCCA4BE5-05A2-47D0-B549-A7C8D09A18C6}.Release|Any CPU.Build.0 = Release|Any CPU
		{CCCA4BE5-05A2-47D0-B549-A7C8D09A18C6}.Release|Mixed Platforms.ActiveCfg = Release|Any CPU
		{CCCA4BE5-05A2-47D0-B549-A7C8D09A18C6}.Release|Mixed Platforms.Build.0 = Release|Any CPU
		{EF04C65E-BFCE-43B6-8C28-6B1793E1B2B5}.Debug MONO|Any CPU.ActiveCfg = Debug MONO|Any CPU
		{EF04C65E-BFCE-43B6-8C28-6B1793E1B2B5}.Debug MONO|Any CPU.Build.0 = Debug MONO|Any CPU
		{EF04C65E-BFCE-43B6-8C28-6B1793E1B2B5}.Debug MONO|Mixed Platforms.ActiveCfg = Debug MONO|Any CPU
		{EF04C65E-BFCE-43B6-8C28-6B1793E1B2B5}.Debug MONO|Mixed Platforms.Build.0 = Debug MONO|Any CPU
		{EF04C65E-BFCE-43B6-8C28-6B1793E1B2B5}.Debug|Any CPU.ActiveCfg = Debug|Any CPU
		{EF04C65E-BFCE-43B6-8C28-6B1793E1B2B5}.Debug|Any CPU.Build.0 = Debug|Any CPU
		{EF04C65E-BFCE-43B6-8C28-6B1793E1B2B5}.Debug|Mixed Platforms.ActiveCfg = Debug|Any CPU
		{EF04C65E-BFCE-43B6-8C28-6B1793E1B2B5}.Debug|Mixed Platforms.Build.0 = Debug|Any CPU
		{EF04C65E-BFCE-43B6-8C28-6B1793E1B2B5}.Release MONO|Any CPU.ActiveCfg = Release MONO|Any CPU
		{EF04C65E-BFCE-43B6-8C28-6B1793E1B2B5}.Release MONO|Any CPU.Build.0 = Release MONO|Any CPU
		{EF04C65E-BFCE-43B6-8C28-6B1793E1B2B5}.Release MONO|Mixed Platforms.ActiveCfg = Release MONO|Any CPU
		{EF04C65E-BFCE-43B6-8C28-6B1793E1B2B5}.Release MONO|Mixed Platforms.Build.0 = Release MONO|Any CPU
		{EF04C65E-BFCE-43B6-8C28-6B1793E1B2B5}.Release|Any CPU.ActiveCfg = Release|Any CPU
		{EF04C65E-BFCE-43B6-8C28-6B1793E1B2B5}.Release|Any CPU.Build.0 = Release|Any CPU
		{EF04C65E-BFCE-43B6-8C28-6B1793E1B2B5}.Release|Mixed Platforms.ActiveCfg = Release|Any CPU
		{EF04C65E-BFCE-43B6-8C28-6B1793E1B2B5}.Release|Mixed Platforms.Build.0 = Release|Any CPU
		{6588DDBF-28A3-49ED-B5C4-E897E05C0349}.Debug MONO|Any CPU.ActiveCfg = Debug MONO|Any CPU
		{6588DDBF-28A3-49ED-B5C4-E897E05C0349}.Debug MONO|Any CPU.Build.0 = Debug MONO|Any CPU
		{6588DDBF-28A3-49ED-B5C4-E897E05C0349}.Debug MONO|Mixed Platforms.ActiveCfg = Debug MONO|Any CPU
		{6588DDBF-28A3-49ED-B5C4-E897E05C0349}.Debug MONO|Mixed Platforms.Build.0 = Debug MONO|Any CPU
		{6588DDBF-28A3-49ED-B5C4-E897E05C0349}.Debug|Any CPU.ActiveCfg = Debug|Any CPU
		{6588DDBF-28A3-49ED-B5C4-E897E05C0349}.Debug|Any CPU.Build.0 = Debug|Any CPU
		{6588DDBF-28A3-49ED-B5C4-E897E05C0349}.Debug|Mixed Platforms.ActiveCfg = Debug|Any CPU
		{6588DDBF-28A3-49ED-B5C4-E897E05C0349}.Debug|Mixed Platforms.Build.0 = Debug|Any CPU
		{6588DDBF-28A3-49ED-B5C4-E897E05C0349}.Release MONO|Any CPU.ActiveCfg = Release MONO|Any CPU
		{6588DDBF-28A3-49ED-B5C4-E897E05C0349}.Release MONO|Any CPU.Build.0 = Release MONO|Any CPU
		{6588DDBF-28A3-49ED-B5C4-E897E05C0349}.Release MONO|Mixed Platforms.ActiveCfg = Release MONO|Any CPU
		{6588DDBF-28A3-49ED-B5C4-E897E05C0349}.Release MONO|Mixed Platforms.Build.0 = Release MONO|Any CPU
		{6588DDBF-28A3-49ED-B5C4-E897E05C0349}.Release|Any CPU.ActiveCfg = Release|Any CPU
		{6588DDBF-28A3-49ED-B5C4-E897E05C0349}.Release|Any CPU.Build.0 = Release|Any CPU
		{6588DDBF-28A3-49ED-B5C4-E897E05C0349}.Release|Mixed Platforms.ActiveCfg = Release|Any CPU
		{6588DDBF-28A3-49ED-B5C4-E897E05C0349}.Release|Mixed Platforms.Build.0 = Release|Any CPU
		{3013F199-703C-4A4C-895E-FEC686094118}.Debug MONO|Any CPU.ActiveCfg = Debug MONO|Any CPU
		{3013F199-703C-4A4C-895E-FEC686094118}.Debug MONO|Any CPU.Build.0 = Debug MONO|Any CPU
		{3013F199-703C-4A4C-895E-FEC686094118}.Debug MONO|Mixed Platforms.ActiveCfg = Debug MONO|Any CPU
		{3013F199-703C-4A4C-895E-FEC686094118}.Debug MONO|Mixed Platforms.Build.0 = Debug MONO|Any CPU
		{3013F199-703C-4A4C-895E-FEC686094118}.Debug|Any CPU.ActiveCfg = Debug|Any CPU
		{3013F199-703C-4A4C-895E-FEC686094118}.Debug|Any CPU.Build.0 = Debug|Any CPU
		{3013F199-703C-4A4C-895E-FEC686094118}.Debug|Mixed Platforms.ActiveCfg = Debug|Any CPU
		{3013F199-703C-4A4C-895E-FEC686094118}.Debug|Mixed Platforms.Build.0 = Debug|Any CPU
		{3013F199-703C-4A4C-895E-FEC686094118}.Release MONO|Any CPU.ActiveCfg = Release MONO|Any CPU
		{3013F199-703C-4A4C-895E-FEC686094118}.Release MONO|Any CPU.Build.0 = Release MONO|Any CPU
		{3013F199-703C-4A4C-895E-FEC686094118}.Release MONO|Mixed Platforms.ActiveCfg = Release MONO|Any CPU
		{3013F199-703C-4A4C-895E-FEC686094118}.Release MONO|Mixed Platforms.Build.0 = Release MONO|Any CPU
		{3013F199-703C-4A4C-895E-FEC686094118}.Release|Any CPU.ActiveCfg = Release|Any CPU
		{3013F199-703C-4A4C-895E-FEC686094118}.Release|Any CPU.Build.0 = Release|Any CPU
		{3013F199-703C-4A4C-895E-FEC686094118}.Release|Mixed Platforms.ActiveCfg = Release|Any CPU
		{3013F199-703C-4A4C-895E-FEC686094118}.Release|Mixed Platforms.Build.0 = Release|Any CPU
		{30494873-E614-47FB-9009-514CAA154DCB}.Debug MONO|Any CPU.ActiveCfg = Debug MONO|Any CPU
		{30494873-E614-47FB-9009-514CAA154DCB}.Debug MONO|Any CPU.Build.0 = Debug MONO|Any CPU
		{30494873-E614-47FB-9009-514CAA154DCB}.Debug MONO|Mixed Platforms.ActiveCfg = Debug MONO|Any CPU
		{30494873-E614-47FB-9009-514CAA154DCB}.Debug MONO|Mixed Platforms.Build.0 = Debug MONO|Any CPU
		{30494873-E614-47FB-9009-514CAA154DCB}.Debug|Any CPU.ActiveCfg = Debug|Any CPU
		{30494873-E614-47FB-9009-514CAA154DCB}.Debug|Any CPU.Build.0 = Debug|Any CPU
		{30494873-E614-47FB-9009-514CAA154DCB}.Debug|Mixed Platforms.ActiveCfg = Debug|Any CPU
		{30494873-E614-47FB-9009-514CAA154DCB}.Debug|Mixed Platforms.Build.0 = Debug|Any CPU
		{30494873-E614-47FB-9009-514CAA154DCB}.Release MONO|Any CPU.ActiveCfg = Release MONO|Any CPU
		{30494873-E614-47FB-9009-514CAA154DCB}.Release MONO|Any CPU.Build.0 = Release MONO|Any CPU
		{30494873-E614-47FB-9009-514CAA154DCB}.Release MONO|Mixed Platforms.ActiveCfg = Release MONO|Any CPU
		{30494873-E614-47FB-9009-514CAA154DCB}.Release MONO|Mixed Platforms.Build.0 = Release MONO|Any CPU
		{30494873-E614-47FB-9009-514CAA154DCB}.Release|Any CPU.ActiveCfg = Release|Any CPU
		{30494873-E614-47FB-9009-514CAA154DCB}.Release|Any CPU.Build.0 = Release|Any CPU
		{30494873-E614-47FB-9009-514CAA154DCB}.Release|Mixed Platforms.ActiveCfg = Release|Any CPU
		{30494873-E614-47FB-9009-514CAA154DCB}.Release|Mixed Platforms.Build.0 = Release|Any CPU
		{5F053D87-BCF1-4D3A-9EEF-D441C120E795}.Debug MONO|Any CPU.ActiveCfg = Debug MONO|Any CPU
		{5F053D87-BCF1-4D3A-9EEF-D441C120E795}.Debug MONO|Any CPU.Build.0 = Debug MONO|Any CPU
		{5F053D87-BCF1-4D3A-9EEF-D441C120E795}.Debug MONO|Mixed Platforms.ActiveCfg = Debug MONO|Any CPU
		{5F053D87-BCF1-4D3A-9EEF-D441C120E795}.Debug MONO|Mixed Platforms.Build.0 = Debug MONO|Any CPU
		{5F053D87-BCF1-4D3A-9EEF-D441C120E795}.Debug|Any CPU.ActiveCfg = Debug|Any CPU
		{5F053D87-BCF1-4D3A-9EEF-D441C120E795}.Debug|Any CPU.Build.0 = Debug|Any CPU
		{5F053D87-BCF1-4D3A-9EEF-D441C120E795}.Debug|Mixed Platforms.ActiveCfg = Debug|Any CPU
		{5F053D87-BCF1-4D3A-9EEF-D441C120E795}.Debug|Mixed Platforms.Build.0 = Debug|Any CPU
		{5F053D87-BCF1-4D3A-9EEF-D441C120E795}.Release MONO|Any CPU.ActiveCfg = Release MONO|Any CPU
		{5F053D87-BCF1-4D3A-9EEF-D441C120E795}.Release MONO|Any CPU.Build.0 = Release MONO|Any CPU
		{5F053D87-BCF1-4D3A-9EEF-D441C120E795}.Release MONO|Mixed Platforms.ActiveCfg = Release MONO|Any CPU
		{5F053D87-BCF1-4D3A-9EEF-D441C120E795}.Release MONO|Mixed Platforms.Build.0 = Release MONO|Any CPU
		{5F053D87-BCF1-4D3A-9EEF-D441C120E795}.Release|Any CPU.ActiveCfg = Release|Any CPU
		{5F053D87-BCF1-4D3A-9EEF-D441C120E795}.Release|Any CPU.Build.0 = Release|Any CPU
		{5F053D87-BCF1-4D3A-9EEF-D441C120E795}.Release|Mixed Platforms.ActiveCfg = Release|Any CPU
		{5F053D87-BCF1-4D3A-9EEF-D441C120E795}.Release|Mixed Platforms.Build.0 = Release|Any CPU
		{8D812F36-171B-4FCE-BCFA-DCEED4648C01}.Debug MONO|Any CPU.ActiveCfg = Debug MONO|Any CPU
		{8D812F36-171B-4FCE-BCFA-DCEED4648C01}.Debug MONO|Any CPU.Build.0 = Debug MONO|Any CPU
		{8D812F36-171B-4FCE-BCFA-DCEED4648C01}.Debug MONO|Mixed Platforms.ActiveCfg = Debug MONO|Any CPU
		{8D812F36-171B-4FCE-BCFA-DCEED4648C01}.Debug MONO|Mixed Platforms.Build.0 = Debug MONO|Any CPU
		{8D812F36-171B-4FCE-BCFA-DCEED4648C01}.Debug|Any CPU.ActiveCfg = Debug|Any CPU
		{8D812F36-171B-4FCE-BCFA-DCEED4648C01}.Debug|Any CPU.Build.0 = Debug|Any CPU
		{8D812F36-171B-4FCE-BCFA-DCEED4648C01}.Debug|Mixed Platforms.ActiveCfg = Debug|Any CPU
		{8D812F36-171B-4FCE-BCFA-DCEED4648C01}.Debug|Mixed Platforms.Build.0 = Debug|Any CPU
		{8D812F36-171B-4FCE-BCFA-DCEED4648C01}.Release MONO|Any CPU.ActiveCfg = Release MONO|Any CPU
		{8D812F36-171B-4FCE-BCFA-DCEED4648C01}.Release MONO|Any CPU.Build.0 = Release MONO|Any CPU
		{8D812F36-171B-4FCE-BCFA-DCEED4648C01}.Release MONO|Mixed Platforms.ActiveCfg = Release MONO|Any CPU
		{8D812F36-171B-4FCE-BCFA-DCEED4648C01}.Release MONO|Mixed Platforms.Build.0 = Release MONO|Any CPU
		{8D812F36-171B-4FCE-BCFA-DCEED4648C01}.Release|Any CPU.ActiveCfg = Release|Any CPU
		{8D812F36-171B-4FCE-BCFA-DCEED4648C01}.Release|Any CPU.Build.0 = Release|Any CPU
		{8D812F36-171B-4FCE-BCFA-DCEED4648C01}.Release|Mixed Platforms.ActiveCfg = Release|Any CPU
		{8D812F36-171B-4FCE-BCFA-DCEED4648C01}.Release|Mixed Platforms.Build.0 = Release|Any CPU
	EndGlobalSection
	GlobalSection(SolutionProperties) = preSolution
		HideSolutionNode = FALSE
	EndGlobalSection
	GlobalSection(NestedProjects) = preSolution
		{6588DDBF-28A3-49ED-B5C4-E897E05C0349} = {D5B2A420-6DCA-4F04-AF5E-4DB783342122}
		{3013F199-703C-4A4C-895E-FEC686094118} = {D5B2A420-6DCA-4F04-AF5E-4DB783342122}
		{EF04C65E-BFCE-43B6-8C28-6B1793E1B2B5} = {D5B2A420-6DCA-4F04-AF5E-4DB783342122}
		{30494873-E614-47FB-9009-514CAA154DCB} = {D5B2A420-6DCA-4F04-AF5E-4DB783342122}
		{5F053D87-BCF1-4D3A-9EEF-D441C120E795} = {D5B2A420-6DCA-4F04-AF5E-4DB783342122}
		{8D812F36-171B-4FCE-BCFA-DCEED4648C01} = {D5B2A420-6DCA-4F04-AF5E-4DB783342122}
	EndGlobalSection
EndGlobal
